{
  "originHash" : "c8f3b1894feb5201a45d4b440ee2ead51555eb4163320a97348515e6970b3ad1",
  "pins" : [
    {
      "identity" : "sparkle",
      "kind" : "remoteSourceControl",
      "location" : "https://github.com/sparkle-project/Sparkle.git",
      "state" : {
        "revision" : "0ef1ee0220239b3776f433314515fd849025673f",
        "version" : "2.6.4"
      }
    },
    {
      "identity" : "spicekey",
      "kind" : "remoteSourceControl",
      "location" : "https://github.com/Kyome22/SpiceKey.git",
      "state" : {
        "revision" : "2f4afcbb5dc44ed07097dc4a58898ea2f911d529",
        "version" : "6.0.1"
      }
    },
    {
      "identity" : "swift-log",
      "kind" : "remoteSourceControl",
      "location" : "https://github.com/apple/swift-log.git",
      "state" : {
        "revision" : "96a2f8a0fa41e9e09af4585e2724c4e825410b91",
        "version" : "1.6.2"
      }
    },
    {
      "identity" : "windowscenekit",
      "kind" : "remoteSourceControl",
      "location" : "https://github.com/Kyome22/WindowSceneKit.git",
      "state" : {
        "revision" : "dd80b2169b64761b986d7185ba528def719656d8",
        "version" : "1.1.0"
      }
    }
  ],
  "version" : 3
}
