{
  "originHash" : "b690a697b63b51f14aecd0af5063c13c473cb780745cb8ba8e6a6f4094c54925",
  "pins" : [
    {
      "identity" : "panelscenekit",
      "kind" : "remoteSourceControl",
      "location" : "https://github.com/Kyome22/PanelSceneKit.git",
      "state" : {
        "revision" : "2702aa928b7f3af5ba9ae983183d25d6905a6fec",
        "version" : "1.2.0"
      }
    },
    {
      "identity" : "spicekey",
      "kind" : "remoteSourceControl",
      "location" : "https://github.com/Kyome22/SpiceKey.git",
      "state" : {
        "revision" : "2de004fd950f9e399e10591e20aeae83fcc6d22d",
        "version" : "5.4.1"
      }
    },
    {
      "identity" : "swift-log",
      "kind" : "remoteSourceControl",
      "location" : "https://github.com/apple/swift-log.git",
      "state" : {
        "revision" : "9cb486020ebf03bfa5b5df985387a14a98744537",
        "version" : "1.6.1"
      }
    }
  ],
  "version" : 3
}
