{
  "pins" : [
    {
      "identity" : "spicekey",
      "kind" : "remoteSourceControl",
      "location" : "https://github.com/Kyome22/SpiceKey.git",
      "state" : {
        "revision" : "59954c585f7851b2f1917352d7f56428b62d70b8",
        "version" : "4.3.0"
      }
    }
  ],
  "version" : 2
}
