// !$*UTF8*$!
{
	archiveVersion = 1;
	classes = {
	};
	objectVersion = 55;
	objects = {

/* Begin PBXBuildFile section */
		1C0D29DE26AEFBDC00DD0690 /* Assets.xcassets in Resources */ = {isa = PBXBuildFile; fileRef = 1C0D29DD26AEFBDC00DD0690 /* Assets.xcassets */; };
		1C0D29ED26AEFC6900DD0690 /* SpiceKey in Frameworks */ = {isa = PBXBuildFile; productRef = 1C0D29EC26AEFC6900DD0690 /* SpiceKey */; };
		1C1461D626BC1629006442F5 /* ShortcutPanel.swift in Sources */ = {isa = PBXBuildFile; fileRef = 1C1461D526BC1629006442F5 /* ShortcutPanel.swift */; };
		1C80700E2880684900A12D56 /* ShortcutView.swift in Sources */ = {isa = PBXBuildFile; fileRef = 1C80700D2880684900A12D56 /* ShortcutView.swift */; };
		1C8070102880713000A12D56 /* ShortcutSettingsViewModel.swift in Sources */ = {isa = PBXBuildFile; fileRef = 1C80700F2880713000A12D56 /* ShortcutSettingsViewModel.swift */; };
		1CA357832C84488C00E853EC /* PreActionButtonStyle.swift in Sources */ = {isa = PBXBuildFile; fileRef = 1CA357822C84488C00E853EC /* PreActionButtonStyle.swift */; };
		1CA357862C844CF600E853EC /* AsyncAlgorithms in Frameworks */ = {isa = PBXBuildFile; productRef = 1CA357852C844CF600E853EC /* AsyncAlgorithms */; };
		1CA3578A2C84B60800E853EC /* ExecuteModel.swift in Sources */ = {isa = PBXBuildFile; fileRef = 1CA357892C84B60800E853EC /* ExecuteModel.swift */; };
		1CA3578C2C8C244A00E853EC /* SettingsViewModel.swift in Sources */ = {isa = PBXBuildFile; fileRef = 1CA3578B2C8C244A00E853EC /* SettingsViewModel.swift */; };
		1CAB3F162AE7E7CC00BE23F0 /* Localizable.xcstrings in Resources */ = {isa = PBXBuildFile; fileRef = 1CAB3F152AE7E7CC00BE23F0 /* Localizable.xcstrings */; };
		1CAB3F182AE7EE7F00BE23F0 /* MenuViewModel.swift in Sources */ = {isa = PBXBuildFile; fileRef = 1CAB3F172AE7EE7F00BE23F0 /* MenuViewModel.swift */; };
		1CAB3F1A2AE7F26C00BE23F0 /* MenuView.swift in Sources */ = {isa = PBXBuildFile; fileRef = 1CAB3F192AE7F26C00BE23F0 /* MenuView.swift */; };
		1CC6C108297F643C00D89250 /* UserDefaultsRepository.swift in Sources */ = {isa = PBXBuildFile; fileRef = 1CC6C107297F643C00D89250 /* UserDefaultsRepository.swift */; };
		1CC6C10A297F64EE00D89250 /* Utils.swift in Sources */ = {isa = PBXBuildFile; fileRef = 1CC6C109297F64EE00D89250 /* Utils.swift */; };
		1CC6C10C297F69EF00D89250 /* ShiftWindowAppModel.swift in Sources */ = {isa = PBXBuildFile; fileRef = 1CC6C10B297F69EF00D89250 /* ShiftWindowAppModel.swift */; };
		1CC6C10E297F6B8000D89250 /* SettingsTabType.swift in Sources */ = {isa = PBXBuildFile; fileRef = 1CC6C10D297F6B8000D89250 /* SettingsTabType.swift */; };
		1CC6C1162980072700D89250 /* ShortcutModel.swift in Sources */ = {isa = PBXBuildFile; fileRef = 1CC6C1152980072700D89250 /* ShortcutModel.swift */; };
		1CC6C11829800F7600D89250 /* LaunchAtLoginRepository.swift in Sources */ = {isa = PBXBuildFile; fileRef = 1CC6C11729800F7600D89250 /* LaunchAtLoginRepository.swift */; };
		1CC6C14B2985065500D89250 /* WindowModel.swift in Sources */ = {isa = PBXBuildFile; fileRef = 1CC6C14A2985065500D89250 /* WindowModel.swift */; };
		1CC92CF82869E51C00D46424 /* ShiftWindowApp.swift in Sources */ = {isa = PBXBuildFile; fileRef = 1CC92CF72869E51C00D46424 /* ShiftWindowApp.swift */; };
		1CC92CFB2869ED3700D46424 /* String+Extensions.swift in Sources */ = {isa = PBXBuildFile; fileRef = 1CC92CFA2869ED3700D46424 /* String+Extensions.swift */; };
		1CC92CFD2869ED5A00D46424 /* CoreGraphics+Extensions.swift in Sources */ = {isa = PBXBuildFile; fileRef = 1CC92CFC2869ED5A00D46424 /* CoreGraphics+Extensions.swift */; };
		1CC92CFF2869ED8200D46424 /* AppKit+Extensions.swift in Sources */ = {isa = PBXBuildFile; fileRef = 1CC92CFE2869ED8200D46424 /* AppKit+Extensions.swift */; };
		1CC92D022869EED200D46424 /* GeneralSettingsViewModel.swift in Sources */ = {isa = PBXBuildFile; fileRef = 1CC92D012869EED200D46424 /* GeneralSettingsViewModel.swift */; };
		1CC92D062869EF3D00D46424 /* SettingsView.swift in Sources */ = {isa = PBXBuildFile; fileRef = 1CC92D052869EF3D00D46424 /* SettingsView.swift */; };
		1CC92D082869EFAF00D46424 /* GeneralSettingsView.swift in Sources */ = {isa = PBXBuildFile; fileRef = 1CC92D072869EFAF00D46424 /* GeneralSettingsView.swift */; };
		1CC92D0A2869EFBC00D46424 /* ShortcutSettingsView.swift in Sources */ = {isa = PBXBuildFile; fileRef = 1CC92D092869EFBC00D46424 /* ShortcutSettingsView.swift */; };
		1CF137F226B5612C00E2147E /* ShiftType.swift in Sources */ = {isa = PBXBuildFile; fileRef = 1CF137F126B5612C00E2147E /* ShiftType.swift */; };
		1CF137F826B565CC00E2147E /* ShiftModel.swift in Sources */ = {isa = PBXBuildFile; fileRef = 1CF137F726B565CC00E2147E /* ShiftModel.swift */; };
		1CF1380426B5947800E2147E /* ShiftPattern.swift in Sources */ = {isa = PBXBuildFile; fileRef = 1CF1380326B5947800E2147E /* ShiftPattern.swift */; };
/* End PBXBuildFile section */

/* Begin PBXCopyFilesBuildPhase section */
		1C64A56226B66913004A5299 /* CopyFiles */ = {
			isa = PBXCopyFilesBuildPhase;
			buildActionMask = 2147483647;
			dstPath = Contents/Library/LoginItems;
			dstSubfolderSpec = 1;
			files = (
			);
			runOnlyForDeploymentPostprocessing = 0;
		};
/* End PBXCopyFilesBuildPhase section */

/* Begin PBXFileReference section */
		1C0D29D626AEFBDA00DD0690 /* ShiftWindow.app */ = {isa = PBXFileReference; explicitFileType = wrapper.application; includeInIndex = 0; path = ShiftWindow.app; sourceTree = BUILT_PRODUCTS_DIR; };
		1C0D29DD26AEFBDC00DD0690 /* Assets.xcassets */ = {isa = PBXFileReference; lastKnownFileType = folder.assetcatalog; path = Assets.xcassets; sourceTree = "<group>"; };
		1C0D29E326AEFBDC00DD0690 /* ShiftWindow.entitlements */ = {isa = PBXFileReference; lastKnownFileType = text.plist.entitlements; path = ShiftWindow.entitlements; sourceTree = "<group>"; };
		1C1461D526BC1629006442F5 /* ShortcutPanel.swift */ = {isa = PBXFileReference; lastKnownFileType = sourcecode.swift; path = ShortcutPanel.swift; sourceTree = "<group>"; };
		1C80700D2880684900A12D56 /* ShortcutView.swift */ = {isa = PBXFileReference; lastKnownFileType = sourcecode.swift; path = ShortcutView.swift; sourceTree = "<group>"; };
		1C80700F2880713000A12D56 /* ShortcutSettingsViewModel.swift */ = {isa = PBXFileReference; lastKnownFileType = sourcecode.swift; path = ShortcutSettingsViewModel.swift; sourceTree = "<group>"; };
		1CA357822C84488C00E853EC /* PreActionButtonStyle.swift */ = {isa = PBXFileReference; lastKnownFileType = sourcecode.swift; path = PreActionButtonStyle.swift; sourceTree = "<group>"; };
		1CA357892C84B60800E853EC /* ExecuteModel.swift */ = {isa = PBXFileReference; lastKnownFileType = sourcecode.swift; path = ExecuteModel.swift; sourceTree = "<group>"; };
		1CA3578B2C8C244A00E853EC /* SettingsViewModel.swift */ = {isa = PBXFileReference; lastKnownFileType = sourcecode.swift; path = SettingsViewModel.swift; sourceTree = "<group>"; };
		1CAB3F152AE7E7CC00BE23F0 /* Localizable.xcstrings */ = {isa = PBXFileReference; lastKnownFileType = text.json.xcstrings; path = Localizable.xcstrings; sourceTree = "<group>"; };
		1CAB3F172AE7EE7F00BE23F0 /* MenuViewModel.swift */ = {isa = PBXFileReference; lastKnownFileType = sourcecode.swift; path = MenuViewModel.swift; sourceTree = "<group>"; };
		1CAB3F192AE7F26C00BE23F0 /* MenuView.swift */ = {isa = PBXFileReference; lastKnownFileType = sourcecode.swift; path = MenuView.swift; sourceTree = "<group>"; };
		1CC6C107297F643C00D89250 /* UserDefaultsRepository.swift */ = {isa = PBXFileReference; lastKnownFileType = sourcecode.swift; path = UserDefaultsRepository.swift; sourceTree = "<group>"; };
		1CC6C109297F64EE00D89250 /* Utils.swift */ = {isa = PBXFileReference; lastKnownFileType = sourcecode.swift; path = Utils.swift; sourceTree = "<group>"; };
		1CC6C10B297F69EF00D89250 /* ShiftWindowAppModel.swift */ = {isa = PBXFileReference; lastKnownFileType = sourcecode.swift; path = ShiftWindowAppModel.swift; sourceTree = "<group>"; };
		1CC6C10D297F6B8000D89250 /* SettingsTabType.swift */ = {isa = PBXFileReference; lastKnownFileType = sourcecode.swift; path = SettingsTabType.swift; sourceTree = "<group>"; };
		1CC6C1152980072700D89250 /* ShortcutModel.swift */ = {isa = PBXFileReference; lastKnownFileType = sourcecode.swift; path = ShortcutModel.swift; sourceTree = "<group>"; };
		1CC6C11729800F7600D89250 /* LaunchAtLoginRepository.swift */ = {isa = PBXFileReference; lastKnownFileType = sourcecode.swift; path = LaunchAtLoginRepository.swift; sourceTree = "<group>"; };
		1CC6C14A2985065500D89250 /* WindowModel.swift */ = {isa = PBXFileReference; lastKnownFileType = sourcecode.swift; path = WindowModel.swift; sourceTree = "<group>"; };
		1CC92CF72869E51C00D46424 /* ShiftWindowApp.swift */ = {isa = PBXFileReference; lastKnownFileType = sourcecode.swift; path = ShiftWindowApp.swift; sourceTree = "<group>"; };
		1CC92CFA2869ED3700D46424 /* String+Extensions.swift */ = {isa = PBXFileReference; lastKnownFileType = sourcecode.swift; path = "String+Extensions.swift"; sourceTree = "<group>"; };
		1CC92CFC2869ED5A00D46424 /* CoreGraphics+Extensions.swift */ = {isa = PBXFileReference; lastKnownFileType = sourcecode.swift; path = "CoreGraphics+Extensions.swift"; sourceTree = "<group>"; };
		1CC92CFE2869ED8200D46424 /* AppKit+Extensions.swift */ = {isa = PBXFileReference; lastKnownFileType = sourcecode.swift; path = "AppKit+Extensions.swift"; sourceTree = "<group>"; };
		1CC92D012869EED200D46424 /* GeneralSettingsViewModel.swift */ = {isa = PBXFileReference; lastKnownFileType = sourcecode.swift; path = GeneralSettingsViewModel.swift; sourceTree = "<group>"; };
		1CC92D052869EF3D00D46424 /* SettingsView.swift */ = {isa = PBXFileReference; lastKnownFileType = sourcecode.swift; path = SettingsView.swift; sourceTree = "<group>"; };
		1CC92D072869EFAF00D46424 /* GeneralSettingsView.swift */ = {isa = PBXFileReference; lastKnownFileType = sourcecode.swift; path = GeneralSettingsView.swift; sourceTree = "<group>"; };
		1CC92D092869EFBC00D46424 /* ShortcutSettingsView.swift */ = {isa = PBXFileReference; lastKnownFileType = sourcecode.swift; path = ShortcutSettingsView.swift; sourceTree = "<group>"; };
		1CF137F126B5612C00E2147E /* ShiftType.swift */ = {isa = PBXFileReference; lastKnownFileType = sourcecode.swift; path = ShiftType.swift; sourceTree = "<group>"; };
		1CF137F726B565CC00E2147E /* ShiftModel.swift */ = {isa = PBXFileReference; lastKnownFileType = sourcecode.swift; path = ShiftModel.swift; sourceTree = "<group>"; };
		1CF1380326B5947800E2147E /* ShiftPattern.swift */ = {isa = PBXFileReference; lastKnownFileType = sourcecode.swift; path = ShiftPattern.swift; sourceTree = "<group>"; };
/* End PBXFileReference section */

/* Begin PBXFrameworksBuildPhase section */
		1C0D29D326AEFBDA00DD0690 /* Frameworks */ = {
			isa = PBXFrameworksBuildPhase;
			buildActionMask = 2147483647;
			files = (
				1C0D29ED26AEFC6900DD0690 /* SpiceKey in Frameworks */,
				1CA357862C844CF600E853EC /* AsyncAlgorithms in Frameworks */,
			);
			runOnlyForDeploymentPostprocessing = 0;
		};
/* End PBXFrameworksBuildPhase section */

/* Begin PBXGroup section */
		1C0D29CD26AEFBDA00DD0690 = {
			isa = PBXGroup;
			children = (
				1C0D29D826AEFBDA00DD0690 /* ShiftWindow */,
				1C0D29D726AEFBDA00DD0690 /* Products */,
			);
			sourceTree = "<group>";
		};
		1C0D29D726AEFBDA00DD0690 /* Products */ = {
			isa = PBXGroup;
			children = (
				1C0D29D626AEFBDA00DD0690 /* ShiftWindow.app */,
			);
			name = Products;
			sourceTree = "<group>";
		};
		1C0D29D826AEFBDA00DD0690 /* ShiftWindow */ = {
			isa = PBXGroup;
			children = (
				1C0D29E326AEFBDC00DD0690 /* ShiftWindow.entitlements */,
				1C0D29DD26AEFBDC00DD0690 /* Assets.xcassets */,
				1CAB3F152AE7E7CC00BE23F0 /* Localizable.xcstrings */,
				1CC6C149298505EC00D89250 /* Data */,
				1CF137F926B565DF00E2147E /* Domain */,
				1CF137FA26B5662700E2147E /* Presentation */,
				1CC92CF92869E5AE00D46424 /* Helper */,
			);
			path = ShiftWindow;
			sourceTree = "<group>";
		};
		1C130152297F604D003476C0 /* Entity */ = {
			isa = PBXGroup;
			children = (
				1CF137F126B5612C00E2147E /* ShiftType.swift */,
				1CF1380326B5947800E2147E /* ShiftPattern.swift */,
				1CC6C10D297F6B8000D89250 /* SettingsTabType.swift */,
			);
			path = Entity;
			sourceTree = "<group>";
		};
		1C130153297F605B003476C0 /* Repository */ = {
			isa = PBXGroup;
			children = (
				1CC6C107297F643C00D89250 /* UserDefaultsRepository.swift */,
				1CC6C11729800F7600D89250 /* LaunchAtLoginRepository.swift */,
			);
			path = Repository;
			sourceTree = "<group>";
		};
		1CC6C1462985058C00D89250 /* View */ = {
			isa = PBXGroup;
			children = (
				1CAB3F192AE7F26C00BE23F0 /* MenuView.swift */,
				1CC92D052869EF3D00D46424 /* SettingsView.swift */,
				1CC92D072869EFAF00D46424 /* GeneralSettingsView.swift */,
				1CC92D092869EFBC00D46424 /* ShortcutSettingsView.swift */,
				1C1461D526BC1629006442F5 /* ShortcutPanel.swift */,
				1C80700D2880684900A12D56 /* ShortcutView.swift */,
				1CA357822C84488C00E853EC /* PreActionButtonStyle.swift */,
			);
			path = View;
			sourceTree = "<group>";
		};
		1CC6C147298505B800D89250 /* Model */ = {
			isa = PBXGroup;
			children = (
				1CF137F726B565CC00E2147E /* ShiftModel.swift */,
				1CC6C1152980072700D89250 /* ShortcutModel.swift */,
				1CA357892C84B60800E853EC /* ExecuteModel.swift */,
			);
			path = Model;
			sourceTree = "<group>";
		};
		1CC6C148298505BF00D89250 /* ViewModel */ = {
			isa = PBXGroup;
			children = (
				1CC6C14A2985065500D89250 /* WindowModel.swift */,
				1CA3578B2C8C244A00E853EC /* SettingsViewModel.swift */,
				1CC92D012869EED200D46424 /* GeneralSettingsViewModel.swift */,
				1C80700F2880713000A12D56 /* ShortcutSettingsViewModel.swift */,
				1CAB3F172AE7EE7F00BE23F0 /* MenuViewModel.swift */,
			);
			path = ViewModel;
			sourceTree = "<group>";
		};
		1CC6C149298505EC00D89250 /* Data */ = {
			isa = PBXGroup;
			children = (
				1C130152297F604D003476C0 /* Entity */,
				1C130153297F605B003476C0 /* Repository */,
			);
			path = Data;
			sourceTree = "<group>";
		};
		1CC92CF92869E5AE00D46424 /* Helper */ = {
			isa = PBXGroup;
			children = (
				1CC6C109297F64EE00D89250 /* Utils.swift */,
				1CC92CFA2869ED3700D46424 /* String+Extensions.swift */,
				1CC92CFE2869ED8200D46424 /* AppKit+Extensions.swift */,
				1CC92CFC2869ED5A00D46424 /* CoreGraphics+Extensions.swift */,
			);
			path = Helper;
			sourceTree = "<group>";
		};
		1CF137F926B565DF00E2147E /* Domain */ = {
			isa = PBXGroup;
			children = (
				1CC6C10B297F69EF00D89250 /* ShiftWindowAppModel.swift */,
				1CC6C147298505B800D89250 /* Model */,
				1CC6C148298505BF00D89250 /* ViewModel */,
			);
			path = Domain;
			sourceTree = "<group>";
		};
		1CF137FA26B5662700E2147E /* Presentation */ = {
			isa = PBXGroup;
			children = (
				1CC92CF72869E51C00D46424 /* ShiftWindowApp.swift */,
				1CC6C1462985058C00D89250 /* View */,
			);
			path = Presentation;
			sourceTree = "<group>";
		};
/* End PBXGroup section */

/* Begin PBXNativeTarget section */
		1C0D29D526AEFBDA00DD0690 /* ShiftWindow */ = {
			isa = PBXNativeTarget;
			buildConfigurationList = 1C0D29E626AEFBDC00DD0690 /* Build configuration list for PBXNativeTarget "ShiftWindow" */;
			buildPhases = (
				1C0D29D226AEFBDA00DD0690 /* Sources */,
				1C0D29D326AEFBDA00DD0690 /* Frameworks */,
				1C0D29D426AEFBDA00DD0690 /* Resources */,
				1C64A56226B66913004A5299 /* CopyFiles */,
			);
			buildRules = (
			);
			dependencies = (
			);
			name = ShiftWindow;
			packageProductDependencies = (
				1C0D29EC26AEFC6900DD0690 /* SpiceKey */,
				1CA357852C844CF600E853EC /* AsyncAlgorithms */,
			);
			productName = ShiftWindow;
			productReference = 1C0D29D626AEFBDA00DD0690 /* ShiftWindow.app */;
			productType = "com.apple.product-type.application";
		};
/* End PBXNativeTarget section */

/* Begin PBXProject section */
		1C0D29CE26AEFBDA00DD0690 /* Project object */ = {
			isa = PBXProject;
			attributes = {
				BuildIndependentTargetsInParallel = YES;
				LastSwiftUpdateCheck = 1250;
				LastUpgradeCheck = 1540;
				TargetAttributes = {
					1C0D29D526AEFBDA00DD0690 = {
						CreatedOnToolsVersion = 12.5.1;
					};
				};
			};
			buildConfigurationList = 1C0D29D126AEFBDA00DD0690 /* Build configuration list for PBXProject "ShiftWindow" */;
			compatibilityVersion = "Xcode 13.0";
			developmentRegion = en;
			hasScannedForEncodings = 0;
			knownRegions = (
				en,
				Base,
				ja,
			);
			mainGroup = 1C0D29CD26AEFBDA00DD0690;
			packageReferences = (
				1C0D29EB26AEFC6900DD0690 /* XCRemoteSwiftPackageReference "SpiceKey" */,
				1CA357842C844CF600E853EC /* XCRemoteSwiftPackageReference "swift-async-algorithms" */,
			);
			productRefGroup = 1C0D29D726AEFBDA00DD0690 /* Products */;
			projectDirPath = "";
			projectRoot = "";
			targets = (
				1C0D29D526AEFBDA00DD0690 /* ShiftWindow */,
			);
		};
/* End PBXProject section */

/* Begin PBXResourcesBuildPhase section */
		1C0D29D426AEFBDA00DD0690 /* Resources */ = {
			isa = PBXResourcesBuildPhase;
			buildActionMask = 2147483647;
			files = (
				1C0D29DE26AEFBDC00DD0690 /* Assets.xcassets in Resources */,
				1CAB3F162AE7E7CC00BE23F0 /* Localizable.xcstrings in Resources */,
			);
			runOnlyForDeploymentPostprocessing = 0;
		};
/* End PBXResourcesBuildPhase section */

/* Begin PBXSourcesBuildPhase section */
		1C0D29D226AEFBDA00DD0690 /* Sources */ = {
			isa = PBXSourcesBuildPhase;
			buildActionMask = 2147483647;
			files = (
				1CC92D0A2869EFBC00D46424 /* ShortcutSettingsView.swift in Sources */,
				1CC92D022869EED200D46424 /* GeneralSettingsViewModel.swift in Sources */,
				1CF137F826B565CC00E2147E /* ShiftModel.swift in Sources */,
				1CC6C108297F643C00D89250 /* UserDefaultsRepository.swift in Sources */,
				1CC92CF82869E51C00D46424 /* ShiftWindowApp.swift in Sources */,
				1CC92D082869EFAF00D46424 /* GeneralSettingsView.swift in Sources */,
				1CC6C1162980072700D89250 /* ShortcutModel.swift in Sources */,
				1CF137F226B5612C00E2147E /* ShiftType.swift in Sources */,
				1CC6C11829800F7600D89250 /* LaunchAtLoginRepository.swift in Sources */,
				1CC6C10C297F69EF00D89250 /* ShiftWindowAppModel.swift in Sources */,
				1CAB3F1A2AE7F26C00BE23F0 /* MenuView.swift in Sources */,
				1CC92CFB2869ED3700D46424 /* String+Extensions.swift in Sources */,
				1C80700E2880684900A12D56 /* ShortcutView.swift in Sources */,
				1CC6C14B2985065500D89250 /* WindowModel.swift in Sources */,
				1CC92CFF2869ED8200D46424 /* AppKit+Extensions.swift in Sources */,
				1CA357832C84488C00E853EC /* PreActionButtonStyle.swift in Sources */,
				1CC6C10E297F6B8000D89250 /* SettingsTabType.swift in Sources */,
				1CF1380426B5947800E2147E /* ShiftPattern.swift in Sources */,
				1CC6C10A297F64EE00D89250 /* Utils.swift in Sources */,
				1CC92CFD2869ED5A00D46424 /* CoreGraphics+Extensions.swift in Sources */,
				1C1461D626BC1629006442F5 /* ShortcutPanel.swift in Sources */,
				1CA3578C2C8C244A00E853EC /* SettingsViewModel.swift in Sources */,
				1CA3578A2C84B60800E853EC /* ExecuteModel.swift in Sources */,
				1CAB3F182AE7EE7F00BE23F0 /* MenuViewModel.swift in Sources */,
				1CC92D062869EF3D00D46424 /* SettingsView.swift in Sources */,
				1C8070102880713000A12D56 /* ShortcutSettingsViewModel.swift in Sources */,
			);
			runOnlyForDeploymentPostprocessing = 0;
		};
/* End PBXSourcesBuildPhase section */

/* Begin XCBuildConfiguration section */
		1C0D29E426AEFBDC00DD0690 /* Debug */ = {
			isa = XCBuildConfiguration;
			buildSettings = {
				ALWAYS_SEARCH_USER_PATHS = NO;
				ASSETCATALOG_COMPILER_GENERATE_SWIFT_ASSET_SYMBOL_EXTENSIONS = YES;
				CLANG_ANALYZER_LOCALIZABILITY_NONLOCALIZED = YES;
				CLANG_ANALYZER_NONNULL = YES;
				CLANG_ANALYZER_NUMBER_OBJECT_CONVERSION = YES_AGGRESSIVE;
				CLANG_CXX_LANGUAGE_STANDARD = "gnu++14";
				CLANG_CXX_LIBRARY = "libc++";
				CLANG_ENABLE_MODULES = YES;
				CLANG_ENABLE_OBJC_ARC = YES;
				CLANG_ENABLE_OBJC_WEAK = YES;
				CLANG_WARN_BLOCK_CAPTURE_AUTORELEASING = YES;
				CLANG_WARN_BOOL_CONVERSION = YES;
				CLANG_WARN_COMMA = YES;
				CLANG_WARN_CONSTANT_CONVERSION = YES;
				CLANG_WARN_DEPRECATED_OBJC_IMPLEMENTATIONS = YES;
				CLANG_WARN_DIRECT_OBJC_ISA_USAGE = YES_ERROR;
				CLANG_WARN_DOCUMENTATION_COMMENTS = YES;
				CLANG_WARN_EMPTY_BODY = YES;
				CLANG_WARN_ENUM_CONVERSION = YES;
				CLANG_WARN_INFINITE_RECURSION = YES;
				CLANG_WARN_INT_CONVERSION = YES;
				CLANG_WARN_NON_LITERAL_NULL_CONVERSION = YES;
				CLANG_WARN_OBJC_IMPLICIT_RETAIN_SELF = YES;
				CLANG_WARN_OBJC_LITERAL_CONVERSION = YES;
				CLANG_WARN_OBJC_ROOT_CLASS = YES_ERROR;
				CLANG_WARN_QUOTED_INCLUDE_IN_FRAMEWORK_HEADER = YES;
				CLANG_WARN_RANGE_LOOP_ANALYSIS = YES;
				CLANG_WARN_STRICT_PROTOTYPES = YES;
				CLANG_WARN_SUSPICIOUS_MOVE = YES;
				CLANG_WARN_UNGUARDED_AVAILABILITY = YES_AGGRESSIVE;
				CLANG_WARN_UNREACHABLE_CODE = YES;
				CLANG_WARN__DUPLICATE_METHOD_MATCH = YES;
				COPY_PHASE_STRIP = NO;
				DEAD_CODE_STRIPPING = YES;
				DEBUG_INFORMATION_FORMAT = dwarf;
				ENABLE_STRICT_OBJC_MSGSEND = YES;
				ENABLE_TESTABILITY = YES;
				ENABLE_USER_SCRIPT_SANDBOXING = YES;
				GCC_C_LANGUAGE_STANDARD = gnu11;
				GCC_DYNAMIC_NO_PIC = NO;
				GCC_NO_COMMON_BLOCKS = YES;
				GCC_OPTIMIZATION_LEVEL = 0;
				GCC_PREPROCESSOR_DEFINITIONS = (
					"DEBUG=1",
					"$(inherited)",
				);
				GCC_WARN_64_TO_32_BIT_CONVERSION = YES;
				GCC_WARN_ABOUT_RETURN_TYPE = YES_ERROR;
				GCC_WARN_UNDECLARED_SELECTOR = YES;
				GCC_WARN_UNINITIALIZED_AUTOS = YES_AGGRESSIVE;
				GCC_WARN_UNUSED_FUNCTION = YES;
				GCC_WARN_UNUSED_VARIABLE = YES;
				GENERATE_INFOPLIST_FILE = NO;
				LOCALIZATION_PREFERS_STRING_CATALOGS = YES;
				MACOSX_DEPLOYMENT_TARGET = 14.0;
				MTL_ENABLE_DEBUG_INFO = INCLUDE_SOURCE;
				MTL_FAST_MATH = YES;
				ONLY_ACTIVE_ARCH = YES;
				SDKROOT = macosx;
				SWIFT_ACTIVE_COMPILATION_CONDITIONS = DEBUG;
				SWIFT_OPTIMIZATION_LEVEL = "-Onone";
				SWIFT_STRICT_CONCURRENCY = complete;
				SWIFT_VERSION = 5.0;
			};
			name = Debug;
		};
		1C0D29E526AEFBDC00DD0690 /* Release */ = {
			isa = XCBuildConfiguration;
			buildSettings = {
				ALWAYS_SEARCH_USER_PATHS = NO;
				ASSETCATALOG_COMPILER_GENERATE_SWIFT_ASSET_SYMBOL_EXTENSIONS = YES;
				CLANG_ANALYZER_LOCALIZABILITY_NONLOCALIZED = YES;
				CLANG_ANALYZER_NONNULL = YES;
				CLANG_ANALYZER_NUMBER_OBJECT_CONVERSION = YES_AGGRESSIVE;
				CLANG_CXX_LANGUAGE_STANDARD = "gnu++14";
				CLANG_CXX_LIBRARY = "libc++";
				CLANG_ENABLE_MODULES = YES;
				CLANG_ENABLE_OBJC_ARC = YES;
				CLANG_ENABLE_OBJC_WEAK = YES;
				CLANG_WARN_BLOCK_CAPTURE_AUTORELEASING = YES;
				CLANG_WARN_BOOL_CONVERSION = YES;
				CLANG_WARN_COMMA = YES;
				CLANG_WARN_CONSTANT_CONVERSION = YES;
				CLANG_WARN_DEPRECATED_OBJC_IMPLEMENTATIONS = YES;
				CLANG_WARN_DIRECT_OBJC_ISA_USAGE = YES_ERROR;
				CLANG_WARN_DOCUMENTATION_COMMENTS = YES;
				CLANG_WARN_EMPTY_BODY = YES;
				CLANG_WARN_ENUM_CONVERSION = YES;
				CLANG_WARN_INFINITE_RECURSION = YES;
				CLANG_WARN_INT_CONVERSION = YES;
				CLANG_WARN_NON_LITERAL_NULL_CONVERSION = YES;
				CLANG_WARN_OBJC_IMPLICIT_RETAIN_SELF = YES;
				CLANG_WARN_OBJC_LITERAL_CONVERSION = YES;
				CLANG_WARN_OBJC_ROOT_CLASS = YES_ERROR;
				CLANG_WARN_QUOTED_INCLUDE_IN_FRAMEWORK_HEADER = YES;
				CLANG_WARN_RANGE_LOOP_ANALYSIS = YES;
				CLANG_WARN_STRICT_PROTOTYPES = YES;
				CLANG_WARN_SUSPICIOUS_MOVE = YES;
				CLANG_WARN_UNGUARDED_AVAILABILITY = YES_AGGRESSIVE;
				CLANG_WARN_UNREACHABLE_CODE = YES;
				CLANG_WARN__DUPLICATE_METHOD_MATCH = YES;
				COPY_PHASE_STRIP = NO;
				DEAD_CODE_STRIPPING = YES;
				DEBUG_INFORMATION_FORMAT = "dwarf-with-dsym";
				ENABLE_NS_ASSERTIONS = NO;
				ENABLE_STRICT_OBJC_MSGSEND = YES;
				ENABLE_USER_SCRIPT_SANDBOXING = YES;
				GCC_C_LANGUAGE_STANDARD = gnu11;
				GCC_NO_COMMON_BLOCKS = YES;
				GCC_WARN_64_TO_32_BIT_CONVERSION = YES;
				GCC_WARN_ABOUT_RETURN_TYPE = YES_ERROR;
				GCC_WARN_UNDECLARED_SELECTOR = YES;
				GCC_WARN_UNINITIALIZED_AUTOS = YES_AGGRESSIVE;
				GCC_WARN_UNUSED_FUNCTION = YES;
				GCC_WARN_UNUSED_VARIABLE = YES;
				GENERATE_INFOPLIST_FILE = NO;
				LOCALIZATION_PREFERS_STRING_CATALOGS = YES;
				MACOSX_DEPLOYMENT_TARGET = 14.0;
				MTL_ENABLE_DEBUG_INFO = NO;
				MTL_FAST_MATH = YES;
				SDKROOT = macosx;
				SWIFT_ACTIVE_COMPILATION_CONDITIONS = RELEASE;
				SWIFT_COMPILATION_MODE = wholemodule;
				SWIFT_OPTIMIZATION_LEVEL = "-O";
				SWIFT_STRICT_CONCURRENCY = complete;
				SWIFT_VERSION = 5.0;
			};
			name = Release;
		};
		1C0D29E726AEFBDC00DD0690 /* Debug */ = {
			isa = XCBuildConfiguration;
			buildSettings = {
				ASSETCATALOG_COMPILER_APPICON_NAME = AppIcon;
				CODE_SIGN_ENTITLEMENTS = ShiftWindow/ShiftWindow.entitlements;
				CODE_SIGN_IDENTITY = "-";
				"CODE_SIGN_IDENTITY[sdk=macosx*]" = "Apple Development";
				CODE_SIGN_STYLE = Automatic;
				COMBINE_HIDPI_IMAGES = YES;
				CURRENT_PROJECT_VERSION = 2.7.0;
				DEAD_CODE_STRIPPING = YES;
				DEVELOPMENT_TEAM = VJ5N2X84K8;
				ENABLE_HARDENED_RUNTIME = YES;
				GENERATE_INFOPLIST_FILE = YES;
				INFOPLIST_KEY_LSApplicationCategoryType = "public.app-category.utilities";
				INFOPLIST_KEY_LSUIElement = YES;
				INFOPLIST_KEY_NSHumanReadableCopyright = "© 2021-2023 Takuto Nakamura";
				LD_RUNPATH_SEARCH_PATHS = (
					"$(inherited)",
					"@executable_path/../Frameworks",
				);
				MARKETING_VERSION = 2.7;
				PRODUCT_BUNDLE_IDENTIFIER = com.kyome.ShiftWindow;
				PRODUCT_NAME = "$(TARGET_NAME)";
				SWIFT_EMIT_LOC_STRINGS = YES;
				SWIFT_VERSION = 5.0;
			};
			name = Debug;
		};
		1C0D29E826AEFBDC00DD0690 /* Release */ = {
			isa = XCBuildConfiguration;
			buildSettings = {
				ASSETCATALOG_COMPILER_APPICON_NAME = AppIcon;
				CODE_SIGN_ENTITLEMENTS = ShiftWindow/ShiftWindow.entitlements;
				CODE_SIGN_IDENTITY = "-";
				"CODE_SIGN_IDENTITY[sdk=macosx*]" = "Apple Development";
				CODE_SIGN_STYLE = Automatic;
				COMBINE_HIDPI_IMAGES = YES;
				CURRENT_PROJECT_VERSION = 2.7.0;
				DEAD_CODE_STRIPPING = YES;
				DEVELOPMENT_TEAM = VJ5N2X84K8;
				ENABLE_HARDENED_RUNTIME = YES;
				GENERATE_INFOPLIST_FILE = YES;
				INFOPLIST_KEY_LSApplicationCategoryType = "public.app-category.utilities";
				INFOPLIST_KEY_LSUIElement = YES;
				INFOPLIST_KEY_NSHumanReadableCopyright = "© 2021-2023 Takuto Nakamura";
				LD_RUNPATH_SEARCH_PATHS = (
					"$(inherited)",
					"@executable_path/../Frameworks",
				);
				MARKETING_VERSION = 2.7;
				PRODUCT_BUNDLE_IDENTIFIER = com.kyome.ShiftWindow;
				PRODUCT_NAME = "$(TARGET_NAME)";
				SWIFT_EMIT_LOC_STRINGS = YES;
				SWIFT_VERSION = 5.0;
			};
			name = Release;
		};
/* End XCBuildConfiguration section */

/* Begin XCConfigurationList section */
		1C0D29D126AEFBDA00DD0690 /* Build configuration list for PBXProject "ShiftWindow" */ = {
			isa = XCConfigurationList;
			buildConfigurations = (
				1C0D29E426AEFBDC00DD0690 /* Debug */,
				1C0D29E526AEFBDC00DD0690 /* Release */,
			);
			defaultConfigurationIsVisible = 0;
			defaultConfigurationName = Release;
		};
		1C0D29E626AEFBDC00DD0690 /* Build configuration list for PBXNativeTarget "ShiftWindow" */ = {
			isa = XCConfigurationList;
			buildConfigurations = (
				1C0D29E726AEFBDC00DD0690 /* Debug */,
				1C0D29E826AEFBDC00DD0690 /* Release */,
			);
			defaultConfigurationIsVisible = 0;
			defaultConfigurationName = Release;
		};
/* End XCConfigurationList section */

/* Begin XCRemoteSwiftPackageReference section */
		1C0D29EB26AEFC6900DD0690 /* XCRemoteSwiftPackageReference "SpiceKey" */ = {
			isa = XCRemoteSwiftPackageReference;
			repositoryURL = "https://github.com/Kyome22/SpiceKey.git";
			requirement = {
				kind = exactVersion;
				version = 5.4.1;
			};
		};
		1CA357842C844CF600E853EC /* XCRemoteSwiftPackageReference "swift-async-algorithms" */ = {
			isa = XCRemoteSwiftPackageReference;
			repositoryURL = "https://github.com/apple/swift-async-algorithms.git";
			requirement = {
				kind = exactVersion;
				version = 1.0.1;
			};
		};
/* End XCRemoteSwiftPackageReference section */

/* Begin XCSwiftPackageProductDependency section */
		1C0D29EC26AEFC6900DD0690 /* SpiceKey */ = {
			isa = XCSwiftPackageProductDependency;
			package = 1C0D29EB26AEFC6900DD0690 /* XCRemoteSwiftPackageReference "SpiceKey" */;
			productName = SpiceKey;
		};
		1CA357852C844CF600E853EC /* AsyncAlgorithms */ = {
			isa = XCSwiftPackageProductDependency;
			package = 1CA357842C844CF600E853EC /* XCRemoteSwiftPackageReference "swift-async-algorithms" */;
			productName = AsyncAlgorithms;
		};
/* End XCSwiftPackageProductDependency section */
	};
	rootObject = 1C0D29CE26AEFBDA00DD0690 /* Project object */;
}
